
Microsoft Visual Studio Solution File, Format Version 12.00
# Visual Studio Version 16
VisualStudioVersion = 16.0.30711.63
MinimumVisualStudioVersion = 10.0.40219.1
Project("{9A19103F-16F7-4668-BE54-9A1E7A4F7556}") = "Backend", "Backend\Backend.csproj", "{A532383A-5A38-473A-A5D9-992551DACC67}"
EndProject
Project("{9A19103F-16F7-4668-BE54-9A1E7A4F7556}") = "Frontend", "Frontend\Frontend.csproj", "{6185AE95-3DF5-4D3E-A408-29682371AF5F}"
EndProject
Global
	GlobalSection(SolutionConfigurationPlatforms) = preSolution
		Debug|Any CPU = Debug|Any CPU
		Release|Any CPU = Release|Any CPU
	EndGlobalSection
	GlobalSection(ProjectConfigurationPlatforms) = postSolution
		{A532383A-5A38-473A-A5D9-992551DACC67}.Debug|Any CPU.ActiveCfg = Debug|Any CPU
		{A532383A-5A38-473A-A5D9-992551DACC67}.Debug|Any CPU.Build.0 = Debug|Any CPU
		{A532383A-5A38-473A-A5D9-992551DACC67}.Release|Any CPU.ActiveCfg = Release|Any CPU
		{A532383A-5A38-473A-A5D9-992551DACC67}.Release|Any CPU.Build.0 = Release|Any CPU
		{6185AE95-3DF5-4D3E-A408-29682371AF5F}.Debug|Any CPU.ActiveCfg = Debug|Any CPU
		{6185AE95-3DF5-4D3E-A408-29682371AF5F}.Debug|Any CPU.Build.0 = Debug|Any CPU
		{6185AE95-3DF5-4D3E-A408-29682371AF5F}.Release|Any CPU.ActiveCfg = Release|Any CPU
		{6185AE95-3DF5-4D3E-A408-29682371AF5F}.Release|Any CPU.Build.0 = Release|Any CPU
	EndGlobalSection
	GlobalSection(SolutionProperties) = preSolution
		HideSolutionNode = FALSE
	EndGlobalSection
	GlobalSection(ExtensibilityGlobals) = postSolution
		SolutionGuid = {B74FBAE1-9080-4D64-A81A-7B55FE94A7C1}
	EndGlobalSection
EndGlobal
